
Microsoft Visual Studio Solution File, Format Version 12.00
# Visual Studio Version 16
VisualStudioVersion = 16.0.32106.194
MinimumVisualStudioVersion = 10.0.40219.1
Project("{9A19103F-16F7-4668-BE54-9A1E7A4F7556}") = "CrisisCommunication.Server", "CrisisCommunication\Server\CrisisCommunication.Server.csproj", "{F4C92878-1684-4EC2-9949-D0BDD17854F2}"
EndProject
Project("{9A19103F-16F7-4668-BE54-9A1E7A4F7556}") = "CrisisCommunication.Client", "CrisisCommunication\Client\CrisisCommunication.Client.csproj", "{A2F1B126-2D4E-4C4B-BAAE-B8DC34D2726F}"
EndProject
Project("{9A19103F-16F7-4668-BE54-9A1E7A4F7556}") = "CrisisCommunication.Shared", "CrisisCommunication\Shared\CrisisCommunication.Shared.csproj", "{340621A4-96ED-4D50-B19D-88D6AF59321F}"
EndProject
Global
	GlobalSection(SolutionConfigurationPlatforms) = preSolution
		Debug|Any CPU = Debug|Any CPU
		Release|Any CPU = Release|Any CPU
	EndGlobalSection
	GlobalSection(ProjectConfigurationPlatforms) = postSolution
		{F4C92878-1684-4EC2-9949-D0BDD17854F2}.Debug|Any CPU.ActiveCfg = Debug|Any CPU
		{F4C92878-1684-4EC2-9949-D0BDD17854F2}.Debug|Any CPU.Build.0 = Debug|Any CPU
		{F4C92878-1684-4EC2-9949-D0BDD17854F2}.Release|Any CPU.ActiveCfg = Release|Any CPU
		{F4C92878-1684-4EC2-9949-D0BDD17854F2}.Release|Any CPU.Build.0 = Release|Any CPU
		{A2F1B126-2D4E-4C4B-BAAE-B8DC34D2726F}.Debug|Any CPU.ActiveCfg = Debug|Any CPU
		{A2F1B126-2D4E-4C4B-BAAE-B8DC34D2726F}.Debug|Any CPU.Build.0 = Debug|Any CPU
		{A2F1B126-2D4E-4C4B-BAAE-B8DC34D2726F}.Release|Any CPU.ActiveCfg = Release|Any CPU
		{A2F1B126-2D4E-4C4B-BAAE-B8DC34D2726F}.Release|Any CPU.Build.0 = Release|Any CPU
		{340621A4-96ED-4D50-B19D-88D6AF59321F}.Debug|Any CPU.ActiveCfg = Debug|Any CPU
		{340621A4-96ED-4D50-B19D-88D6AF59321F}.Debug|Any CPU.Build.0 = Debug|Any CPU
		{340621A4-96ED-4D50-B19D-88D6AF59321F}.Release|Any CPU.ActiveCfg = Release|Any CPU
		{340621A4-96ED-4D50-B19D-88D6AF59321F}.Release|Any CPU.Build.0 = Release|Any CPU
	EndGlobalSection
	GlobalSection(SolutionProperties) = preSolution
		HideSolutionNode = FALSE
	EndGlobalSection
	GlobalSection(ExtensibilityGlobals) = postSolution
		SolutionGuid = {422E41AF-63A7-4F17-B1D5-766B0A28C264}
	EndGlobalSection
EndGlobal
